# THIS IS AN AUTOGENERATED FILE. DO NOT EDIT THIS FILE DIRECTLY.
# yarn lockfile v1


"@babel/parser@^7.16.4":
  version "7.21.8"
  resolved "https://registry.npmjs.org/@babel/parser/-/parser-7.21.8.tgz#642af7d0333eab9c0ad70b14ac5e76dbde7bfdf8"
  integrity sha512-6zavDGdzG3gUqAdWvlLFfk+36RilI+Pwyuuh7HItyeScCWP3k6i8vKclAQ0bM/0y/Kz/xiwvxhMv9MgTJP5gmA==

"@babel/runtime@^7.21.5":
  version "7.21.5"
  resolved "https://registry.npmjs.org/@babel/runtime/-/runtime-7.21.5.tgz#8492dddda9644ae3bda3b45eabe87382caee7200"
  integrity sha512-8jI69toZqqcsnqGGqwGS4Qb1VwLOEp4hz+CXPywcvjs60u3B4Pom/U/7rm4W8tMOYEB+E9wgD0mW1l3r8qlI9Q==
  dependencies:
    regenerator-runtime "^0.13.11"

"@esbuild/android-arm64@0.17.18":
  version "0.17.18"
  resolved "https://registry.npmjs.org/@esbuild/android-arm64/-/android-arm64-0.17.18.tgz#4aa8d8afcffb4458736ca9b32baa97d7cb5861ea"
  integrity sha512-/iq0aK0eeHgSC3z55ucMAHO05OIqmQehiGay8eP5l/5l+iEr4EIbh4/MI8xD9qRFjqzgkc0JkX0LculNC9mXBw==

"@esbuild/android-arm@0.17.18":
  version "0.17.18"
  resolved "https://registry.npmjs.org/@esbuild/android-arm/-/android-arm-0.17.18.tgz#74a7e95af4ee212ebc9db9baa87c06a594f2a427"
  integrity sha512-EmwL+vUBZJ7mhFCs5lA4ZimpUH3WMAoqvOIYhVQwdIgSpHC8ImHdsRyhHAVxpDYUSm0lWvd63z0XH1IlImS2Qw==

"@esbuild/android-x64@0.17.18":
  version "0.17.18"
  resolved "https://registry.npmjs.org/@esbuild/android-x64/-/android-x64-0.17.18.tgz#1dcd13f201997c9fe0b204189d3a0da4eb4eb9b6"
  integrity sha512-x+0efYNBF3NPW2Xc5bFOSFW7tTXdAcpfEg2nXmxegm4mJuVeS+i109m/7HMiOQ6M12aVGGFlqJX3RhNdYM2lWg==

"@esbuild/darwin-arm64@0.17.18":
  version "0.17.18"
  resolved "https://registry.npmjs.org/@esbuild/darwin-arm64/-/darwin-arm64-0.17.18.tgz#444f3b961d4da7a89eb9bd35cfa4415141537c2a"
  integrity sha512-6tY+djEAdF48M1ONWnQb1C+6LiXrKjmqjzPNPWXhu/GzOHTHX2nh8Mo2ZAmBFg0kIodHhciEgUBtcYCAIjGbjQ==

"@esbuild/darwin-x64@0.17.18":
  version "0.17.18"
  resolved "https://registry.npmjs.org/@esbuild/darwin-x64/-/darwin-x64-0.17.18.tgz#a6da308d0ac8a498c54d62e0b2bfb7119b22d315"
  integrity sha512-Qq84ykvLvya3dO49wVC9FFCNUfSrQJLbxhoQk/TE1r6MjHo3sFF2tlJCwMjhkBVq3/ahUisj7+EpRSz0/+8+9A==

"@esbuild/freebsd-arm64@0.17.18":
  version "0.17.18"
  resolved "https://registry.npmjs.org/@esbuild/freebsd-arm64/-/freebsd-arm64-0.17.18.tgz#b83122bb468889399d0d63475d5aea8d6829c2c2"
  integrity sha512-fw/ZfxfAzuHfaQeMDhbzxp9mc+mHn1Y94VDHFHjGvt2Uxl10mT4CDavHm+/L9KG441t1QdABqkVYwakMUeyLRA==

"@esbuild/freebsd-x64@0.17.18":
  version "0.17.18"
  resolved "https://registry.npmjs.org/@esbuild/freebsd-x64/-/freebsd-x64-0.17.18.tgz#af59e0e03fcf7f221b34d4c5ab14094862c9c864"
  integrity sha512-FQFbRtTaEi8ZBi/A6kxOC0V0E9B/97vPdYjY9NdawyLd4Qk5VD5g2pbWN2VR1c0xhzcJm74HWpObPszWC+qTew==

"@esbuild/linux-arm64@0.17.18":
  version "0.17.18"
  resolved "https://registry.npmjs.org/@esbuild/linux-arm64/-/linux-arm64-0.17.18.tgz#8551d72ba540c5bce4bab274a81c14ed01eafdcf"
  integrity sha512-R7pZvQZFOY2sxUG8P6A21eq6q+eBv7JPQYIybHVf1XkQYC+lT7nDBdC7wWKTrbvMXKRaGudp/dzZCwL/863mZQ==

"@esbuild/linux-arm@0.17.18":
  version "0.17.18"
  resolved "https://registry.npmjs.org/@esbuild/linux-arm/-/linux-arm-0.17.18.tgz#e09e76e526df4f665d4d2720d28ff87d15cdf639"
  integrity sha512-jW+UCM40LzHcouIaqv3e/oRs0JM76JfhHjCavPxMUti7VAPh8CaGSlS7cmyrdpzSk7A+8f0hiedHqr/LMnfijg==

"@esbuild/linux-ia32@0.17.18":
  version "0.17.18"
  resolved "https://registry.npmjs.org/@esbuild/linux-ia32/-/linux-ia32-0.17.18.tgz#47878860ce4fe73a36fd8627f5647bcbbef38ba4"
  integrity sha512-ygIMc3I7wxgXIxk6j3V00VlABIjq260i967Cp9BNAk5pOOpIXmd1RFQJQX9Io7KRsthDrQYrtcx7QCof4o3ZoQ==

"@esbuild/linux-loong64@0.17.18":
  version "0.17.18"
  resolved "https://registry.npmjs.org/@esbuild/linux-loong64/-/linux-loong64-0.17.18.tgz#3f8fbf5267556fc387d20b2e708ce115de5c967a"
  integrity sha512-bvPG+MyFs5ZlwYclCG1D744oHk1Pv7j8psF5TfYx7otCVmcJsEXgFEhQkbhNW8otDHL1a2KDINW20cfCgnzgMQ==

"@esbuild/linux-mips64el@0.17.18":
  version "0.17.18"
  resolved "https://registry.npmjs.org/@esbuild/linux-mips64el/-/linux-mips64el-0.17.18.tgz#9d896d8f3c75f6c226cbeb840127462e37738226"
  integrity sha512-oVqckATOAGuiUOa6wr8TXaVPSa+6IwVJrGidmNZS1cZVx0HqkTMkqFGD2HIx9H1RvOwFeWYdaYbdY6B89KUMxA==

"@esbuild/linux-ppc64@0.17.18":
  version "0.17.18"
  resolved "https://registry.npmjs.org/@esbuild/linux-ppc64/-/linux-ppc64-0.17.18.tgz#3d9deb60b2d32c9985bdc3e3be090d30b7472783"
  integrity sha512-3dLlQO+b/LnQNxgH4l9rqa2/IwRJVN9u/bK63FhOPB4xqiRqlQAU0qDU3JJuf0BmaH0yytTBdoSBHrb2jqc5qQ==

"@esbuild/linux-riscv64@0.17.18":
  version "0.17.18"
  resolved "https://registry.npmjs.org/@esbuild/linux-riscv64/-/linux-riscv64-0.17.18.tgz#8a943cf13fd24ff7ed58aefb940ef178f93386bc"
  integrity sha512-/x7leOyDPjZV3TcsdfrSI107zItVnsX1q2nho7hbbQoKnmoeUWjs+08rKKt4AUXju7+3aRZSsKrJtaRmsdL1xA==

"@esbuild/linux-s390x@0.17.18":
  version "0.17.18"
  resolved "https://registry.npmjs.org/@esbuild/linux-s390x/-/linux-s390x-0.17.18.tgz#66cb01f4a06423e5496facabdce4f7cae7cb80e5"
  integrity sha512-cX0I8Q9xQkL/6F5zWdYmVf5JSQt+ZfZD2bJudZrWD+4mnUvoZ3TDDXtDX2mUaq6upMFv9FlfIh4Gfun0tbGzuw==

"@esbuild/linux-x64@0.17.18":
  version "0.17.18"
  resolved "https://registry.npmjs.org/@esbuild/linux-x64/-/linux-x64-0.17.18.tgz#23c26050c6c5d1359c7b774823adc32b3883b6c9"
  integrity sha512-66RmRsPlYy4jFl0vG80GcNRdirx4nVWAzJmXkevgphP1qf4dsLQCpSKGM3DUQCojwU1hnepI63gNZdrr02wHUA==

"@esbuild/netbsd-x64@0.17.18":
  version "0.17.18"
  resolved "https://registry.npmjs.org/@esbuild/netbsd-x64/-/netbsd-x64-0.17.18.tgz#789a203d3115a52633ff6504f8cbf757f15e703b"
  integrity sha512-95IRY7mI2yrkLlTLb1gpDxdC5WLC5mZDi+kA9dmM5XAGxCME0F8i4bYH4jZreaJ6lIZ0B8hTrweqG1fUyW7jbg==

"@esbuild/openbsd-x64@0.17.18":
  version "0.17.18"
  resolved "https://registry.npmjs.org/@esbuild/openbsd-x64/-/openbsd-x64-0.17.18.tgz#d7b998a30878f8da40617a10af423f56f12a5e90"
  integrity sha512-WevVOgcng+8hSZ4Q3BKL3n1xTv5H6Nb53cBrtzzEjDbbnOmucEVcZeGCsCOi9bAOcDYEeBZbD2SJNBxlfP3qiA==

"@esbuild/sunos-x64@0.17.18":
  version "0.17.18"
  resolved "https://registry.npmjs.org/@esbuild/sunos-x64/-/sunos-x64-0.17.18.tgz#ecad0736aa7dae07901ba273db9ef3d3e93df31f"
  integrity sha512-Rzf4QfQagnwhQXVBS3BYUlxmEbcV7MY+BH5vfDZekU5eYpcffHSyjU8T0xucKVuOcdCsMo+Ur5wmgQJH2GfNrg==

"@esbuild/win32-arm64@0.17.18":
  version "0.17.18"
  resolved "https://registry.npmjs.org/@esbuild/win32-arm64/-/win32-arm64-0.17.18.tgz#58dfc177da30acf956252d7c8ae9e54e424887c4"
  integrity sha512-Kb3Ko/KKaWhjeAm2YoT/cNZaHaD1Yk/pa3FTsmqo9uFh1D1Rfco7BBLIPdDOozrObj2sahslFuAQGvWbgWldAg==

"@esbuild/win32-ia32@0.17.18":
  version "0.17.18"
  resolved "https://registry.npmjs.org/@esbuild/win32-ia32/-/win32-ia32-0.17.18.tgz#340f6163172b5272b5ae60ec12c312485f69232b"
  integrity sha512-0/xUMIdkVHwkvxfbd5+lfG7mHOf2FRrxNbPiKWg9C4fFrB8H0guClmaM3BFiRUYrznVoyxTIyC/Ou2B7QQSwmw==

"@esbuild/win32-x64@0.17.18":
  version "0.17.18"
  resolved "https://registry.npmjs.org/@esbuild/win32-x64/-/win32-x64-0.17.18.tgz#3a8e57153905308db357fd02f57c180ee3a0a1fa"
  integrity sha512-qU25Ma1I3NqTSHJUOKi9sAH1/Mzuvlke0ioMJRthLXKm7JiSKVwFghlGbDLOO2sARECGhja4xYfRAZNPAkooYg==

"@foxone/fennec-base@0.5.8":
  version "0.5.8"
  resolved "https://registry.npmjs.org/@foxone/fennec-base/-/fennec-base-0.5.8.tgz#4db79c0b78c03e98e5b010ceb5df8f3de0628480"
  integrity sha512-4HME6+WT6Z/xBVHH7v/4PaMtLbkaSzWbKsz8fcVfOjJlOt58uSuKGtp0zSdq6HzXceM4ustVtdS6At0+iSCqYQ==
  dependencies:
    browser-passworder "^2.0.3"
    extensionizer "^1.0.1"
    lodash "^4.17.21"
    rxjs "^6.6.3"

"@foxone/fennec-dapp@^0.5.8":
  version "0.5.8"
  resolved "https://registry.npmjs.org/@foxone/fennec-dapp/-/fennec-dapp-0.5.8.tgz#d15a1a8cf3e7f96cb3f5a85b4d21a7a4c0c13a4e"
  integrity sha512-PNijAnSVm02sZAaWM/AmPS0ZZH4mLYIAr01jf96GKI36gk4jz8hm2Rhv92DIsp8drEw88xltcz8Zdf0siHCtDA==
  dependencies:
    "@foxone/fennec-base" "0.5.8"

"@foxone/mixin-passport@1":
  version "1.2.6"
  resolved "https://registry.npmjs.org/@foxone/mixin-passport/-/mixin-passport-1.2.6.tgz#a3ee39093ee73d962482dd6a1066c92c4fe1ac31"
  integrity sha512-ooqPi+4eeEeSsxb87ZtmUmQMn/FhSw+v064kUXJjrw1lFhTXTGdz4mB3d2FQo5t+Qx1sgL56P90we3oByCWgkw==
  dependencies:
    "@foxone/fennec-dapp" "^0.5.8"
    "@foxone/utils" "^0.2.27"

"@foxone/talkee@^3.2.2":
  version "3.2.2"
  resolved "https://registry.npmjs.org/@foxone/talkee/-/talkee-3.2.2.tgz#5194f87a360c9849199ca8b33ac2b9067ed81491"
  integrity sha512-Gyu5FVSFXnW3rvF27SItfi2d0TaDKXgDbHI/fhGlFm7CsyBc8Bs6DcgX+l/Lz9r/ilb83CxOVlRw6C8VcWwslw==
  dependencies:
    "@foxone/utils" "^0.2.27"
    dompurify "^2.4.3"
    marked "^4.2.12"
    uuid "^9.0.0"
    v3-infinite-loading "^1.2.2"

"@foxone/uikit@^4.2.12":
  version "4.2.12"
  resolved "https://registry.npmjs.org/@foxone/uikit/-/uikit-4.2.12.tgz#554c1adf74a4891575fddd29a66c11538885e45d"
  integrity sha512-3WTtvRa19TXeQ5wRW7AsevHPBKAjHQ0Q5FkD/lKdCsO7LFuCmn5gYqUiE2GBYXfSQrW7L7ItOFx0Ia6GphkIlA==
  dependencies:
    "@foxone/utils" "^0.2.26"
    crypto-js "^4.1.1"
    pako "^2.1.0"
    qrious "^4.0.2"
    reconnecting-websocket "^4.4.0"
    tsconfig "^7.0.0"
    v3-infinite-loading "^1.2.2"

"@foxone/utils@^0.2.26", "@foxone/utils@^0.2.27":
  version "0.2.27"
  resolved "https://registry.npmjs.org/@foxone/utils/-/utils-0.2.27.tgz#dcd5dbf1c01f3f27508f9736ce1ab854ca469d4b"
  integrity sha512-R6EoJDaGHxl53GFraksmt9+G7bQIwRUxAEMOwOwMb2TtudR1STk7ivDSppqav3z/QiS3O3bZKnEdIuYwnjaSfw==
  dependencies:
    axios "^0.21.1"
    bignumber.js "^9.0.1"
    dayjs "^1.10.4"

"@types/strip-bom@^3.0.0":
  version "3.0.0"
  resolved "https://registry.npmjs.org/@types/strip-bom/-/strip-bom-3.0.0.tgz#14a8ec3956c2e81edb7520790aecf21c290aebd2"
  integrity sha512-xevGOReSYGM7g/kUBZzPqCrR/KYAo+F0yiPc85WFTJa0MSLtyFTVTU6cJu/aV4mid7IffDIWqo69THF2o4JiEQ==

"@types/strip-json-comments@0.0.30":
  version "0.0.30"
  resolved "https://registry.npmjs.org/@types/strip-json-comments/-/strip-json-comments-0.0.30.tgz#9aa30c04db212a9a0649d6ae6fd50accc40748a1"
  integrity sha512-7NQmHra/JILCd1QqpSzl8+mJRc8ZHz3uDm8YV1Ks9IhK0epEiTw8aIErbvH9PI+6XbqhyIQy3462nEsn7UVzjQ==

"@vitejs/plugin-vue@^4.1.0":
  version "4.2.1"
  resolved "https://registry.npmjs.org/@vitejs/plugin-vue/-/plugin-vue-4.2.1.tgz#c3ccce9956e8cdca946f465188777e4e3e488f6a"
  integrity sha512-ZTZjzo7bmxTRTkb8GSTwkPOYDIP7pwuyV+RV53c9PYUouwcbkIZIvWvNWlX2b1dYZqtOv7D6iUAnJLVNGcLrSw==

"@vue/compiler-core@3.2.47":
  version "3.2.47"
  resolved "https://registry.npmjs.org/@vue/compiler-core/-/compiler-core-3.2.47.tgz#3e07c684d74897ac9aa5922c520741f3029267f8"
  integrity sha512-p4D7FDnQb7+YJmO2iPEv0SQNeNzcbHdGByJDsT4lynf63AFkOTFN07HsiRSvjGo0QrxR/o3d0hUyNCUnBU2Tig==
  dependencies:
    "@babel/parser" "^7.16.4"
    "@vue/shared" "3.2.47"
    estree-walker "^2.0.2"
    source-map "^0.6.1"

"@vue/compiler-dom@3.2.47":
  version "3.2.47"
  resolved "https://registry.npmjs.org/@vue/compiler-dom/-/compiler-dom-3.2.47.tgz#a0b06caf7ef7056939e563dcaa9cbde30794f305"
  integrity sha512-dBBnEHEPoftUiS03a4ggEig74J2YBZ2UIeyfpcRM2tavgMWo4bsEfgCGsu+uJIL/vax9S+JztH8NmQerUo7shQ==
  dependencies:
    "@vue/compiler-core" "3.2.47"
    "@vue/shared" "3.2.47"

"@vue/compiler-sfc@3.2.47":
  version "3.2.47"
  resolved "https://registry.npmjs.org/@vue/compiler-sfc/-/compiler-sfc-3.2.47.tgz#1bdc36f6cdc1643f72e2c397eb1a398f5004ad3d"
  integrity sha512-rog05W+2IFfxjMcFw10tM9+f7i/+FFpZJJ5XHX72NP9eC2uRD+42M3pYcQqDXVYoj74kHMSEdQ/WmCjt8JFksQ==
  dependencies:
    "@babel/parser" "^7.16.4"
    "@vue/compiler-core" "3.2.47"
    "@vue/compiler-dom" "3.2.47"
    "@vue/compiler-ssr" "3.2.47"
    "@vue/reactivity-transform" "3.2.47"
    "@vue/shared" "3.2.47"
    estree-walker "^2.0.2"
    magic-string "^0.25.7"
    postcss "^8.1.10"
    source-map "^0.6.1"

"@vue/compiler-ssr@3.2.47":
  version "3.2.47"
  resolved "https://registry.npmjs.org/@vue/compiler-ssr/-/compiler-ssr-3.2.47.tgz#35872c01a273aac4d6070ab9d8da918ab13057ee"
  integrity sha512-wVXC+gszhulcMD8wpxMsqSOpvDZ6xKXSVWkf50Guf/S+28hTAXPDYRTbLQ3EDkOP5Xz/+SY37YiwDquKbJOgZw==
  dependencies:
    "@vue/compiler-dom" "3.2.47"
    "@vue/shared" "3.2.47"

"@vue/reactivity-transform@3.2.47":
  version "3.2.47"
  resolved "https://registry.npmjs.org/@vue/reactivity-transform/-/reactivity-transform-3.2.47.tgz#e45df4d06370f8abf29081a16afd25cffba6d84e"
  integrity sha512-m8lGXw8rdnPVVIdIFhf0LeQ/ixyHkH5plYuS83yop5n7ggVJU+z5v0zecwEnX7fa7HNLBhh2qngJJkxpwEEmYA==
  dependencies:
    "@babel/parser" "^7.16.4"
    "@vue/compiler-core" "3.2.47"
    "@vue/shared" "3.2.47"
    estree-walker "^2.0.2"
    magic-string "^0.25.7"

"@vue/reactivity@3.2.47":
  version "3.2.47"
  resolved "https://registry.npmjs.org/@vue/reactivity/-/reactivity-3.2.47.tgz#1d6399074eadfc3ed35c727e2fd707d6881140b6"
  integrity sha512-7khqQ/75oyyg+N/e+iwV6lpy1f5wq759NdlS1fpAhFXa8VeAIKGgk2E/C4VF59lx5b+Ezs5fpp/5WsRYXQiKxQ==
  dependencies:
    "@vue/shared" "3.2.47"

"@vue/runtime-core@3.2.47":
  version "3.2.47"
  resolved "https://registry.npmjs.org/@vue/runtime-core/-/runtime-core-3.2.47.tgz#406ebade3d5551c00fc6409bbc1eeb10f32e121d"
  integrity sha512-RZxbLQIRB/K0ev0K9FXhNbBzT32H9iRtYbaXb0ZIz2usLms/D55dJR2t6cIEUn6vyhS3ALNvNthI+Q95C+NOpA==
  dependencies:
    "@vue/reactivity" "3.2.47"
    "@vue/shared" "3.2.47"

"@vue/runtime-dom@3.2.47":
  version "3.2.47"
  resolved "https://registry.npmjs.org/@vue/runtime-dom/-/runtime-dom-3.2.47.tgz#93e760eeaeab84dedfb7c3eaf3ed58d776299382"
  integrity sha512-ArXrFTjS6TsDei4qwNvgrdmHtD930KgSKGhS5M+j8QxXrDJYLqYw4RRcDy1bz1m1wMmb6j+zGLifdVHtkXA7gA==
  dependencies:
    "@vue/runtime-core" "3.2.47"
    "@vue/shared" "3.2.47"
    csstype "^2.6.8"

"@vue/server-renderer@3.2.47":
  version "3.2.47"
  resolved "https://registry.npmjs.org/@vue/server-renderer/-/server-renderer-3.2.47.tgz#8aa1d1871fc4eb5a7851aa7f741f8f700e6de3c0"
  integrity sha512-dN9gc1i8EvmP9RCzvneONXsKfBRgqFeFZLurmHOveL7oH6HiFXJw5OGu294n1nHc/HMgTy6LulU/tv5/A7f/LA==
  dependencies:
    "@vue/compiler-ssr" "3.2.47"
    "@vue/shared" "3.2.47"

"@vue/shared@3.2.47":
  version "3.2.47"
  resolved "https://registry.npmjs.org/@vue/shared/-/shared-3.2.47.tgz#e597ef75086c6e896ff5478a6bfc0a7aa4bbd14c"
  integrity sha512-BHGyyGN3Q97EZx0taMQ+OLNuZcW3d37ZEVmEAyeoA9ERdGvm9Irc/0Fua8SNyOtV1w6BS4q25wbMzJujO9HIfQ==

axios@^0.21.1:
  version "0.21.4"
  resolved "https://registry.npmjs.org/axios/-/axios-0.21.4.tgz#c67b90dc0568e5c1cf2b0b858c43ba28e2eda575"
  integrity sha512-ut5vewkiu8jjGBdqpM44XxjuCjq9LAKeHVmoVfHVzy8eHgxxq8SbAVQNovDA8mVi05kP0Ea/n/UzcSHcTJQfNg==
  dependencies:
    follow-redirects "^1.14.0"

bignumber.js@^9.0.1:
  version "9.1.1"
  resolved "https://registry.npmjs.org/bignumber.js/-/bignumber.js-9.1.1.tgz#c4df7dc496bd849d4c9464344c1aa74228b4dac6"
  integrity sha512-pHm4LsMJ6lzgNGVfZHjMoO8sdoRhOzOH4MLmY65Jg70bpxCKu5iOHNJyfF6OyvYw7t8Fpf35RuzUyqnQsj8Vig==

browser-passworder@^2.0.3:
  version "2.0.3"
  resolved "https://registry.npmjs.org/browser-passworder/-/browser-passworder-2.0.3.tgz#6fdd2082e516a176edbcb3dcee0b7f9fce4f7917"
  integrity sha512-8mTcGjsVqYkRW0qLmdussBjf/5joBUpvZfR8jUojITBJVVZIS5BL41Qt/xehS+n2ChA2YJHHLPhlkXziK+gvsw==
  dependencies:
    browserify-unibabel "^3.0.0"

browserify-unibabel@^3.0.0:
  version "3.0.0"
  resolved "https://registry.npmjs.org/browserify-unibabel/-/browserify-unibabel-3.0.0.tgz#5a6b8f0f704ce388d3927df47337e25830f71dda"
  integrity sha512-j3MX0k2dC1/DEo9jSUyj7zpv5wLd1+klpFwYlM0E5mr7MX6LblQOWb+jkBEKV2iRszmhJuLHAtNuqranlGnpNQ==

crypto-js@^4.1.1:
  version "4.1.1"
  resolved "https://registry.npmjs.org/crypto-js/-/crypto-js-4.1.1.tgz#9e485bcf03521041bd85844786b83fb7619736cf"
  integrity sha512-o2JlM7ydqd3Qk9CA0L4NL6mTzU2sdx96a+oOfPu8Mkl/PK51vSyoi8/rQ8NknZtk44vq15lmhAj9CIAGwgeWKw==

csstype@^2.6.8:
  version "2.6.21"
  resolved "https://registry.npmjs.org/csstype/-/csstype-2.6.21.tgz#2efb85b7cc55c80017c66a5ad7cbd931fda3a90e"
  integrity sha512-Z1PhmomIfypOpoMjRQB70jfvy/wxT50qW08YXO5lMIJkrdq4yOTR+AW7FqutScmB9NkLwxo+jU+kZLbofZZq/w==

dayjs@^1.10.4:
  version "1.11.7"
  resolved "https://registry.npmjs.org/dayjs/-/dayjs-1.11.7.tgz#4b296922642f70999544d1144a2c25730fce63e2"
  integrity sha512-+Yw9U6YO5TQohxLcIkrXBeY73WP3ejHWVvx8XCk3gxvQDCTEmS48ZrSZCKciI7Bhl/uCMyxYtE9UqRILmFphkQ==

dompurify@^2.4.3:
  version "2.4.5"
  resolved "https://registry.npmjs.org/dompurify/-/dompurify-2.4.5.tgz#0e89a27601f0bad978f9a924e7a05d5d2cccdd87"
  integrity sha512-jggCCd+8Iqp4Tsz0nIvpcb22InKEBrGz5dw3EQJMs8HPJDsKbFIO3STYtAvCfDx26Muevn1MHVI0XxjgFfmiSA==

esbuild@^0.17.5:
  version "0.17.18"
  resolved "https://registry.npmjs.org/esbuild/-/esbuild-0.17.18.tgz#f4f8eb6d77384d68cd71c53eb6601c7efe05e746"
  integrity sha512-z1lix43jBs6UKjcZVKOw2xx69ffE2aG0PygLL5qJ9OS/gy0Ewd1gW/PUQIOIQGXBHWNywSc0floSKoMFF8aK2w==
  optionalDependencies:
    "@esbuild/android-arm" "0.17.18"
    "@esbuild/android-arm64" "0.17.18"
    "@esbuild/android-x64" "0.17.18"
    "@esbuild/darwin-arm64" "0.17.18"
    "@esbuild/darwin-x64" "0.17.18"
    "@esbuild/freebsd-arm64" "0.17.18"
    "@esbuild/freebsd-x64" "0.17.18"
    "@esbuild/linux-arm" "0.17.18"
    "@esbuild/linux-arm64" "0.17.18"
    "@esbuild/linux-ia32" "0.17.18"
    "@esbuild/linux-loong64" "0.17.18"
    "@esbuild/linux-mips64el" "0.17.18"
    "@esbuild/linux-ppc64" "0.17.18"
    "@esbuild/linux-riscv64" "0.17.18"
    "@esbuild/linux-s390x" "0.17.18"
    "@esbuild/linux-x64" "0.17.18"
    "@esbuild/netbsd-x64" "0.17.18"
    "@esbuild/openbsd-x64" "0.17.18"
    "@esbuild/sunos-x64" "0.17.18"
    "@esbuild/win32-arm64" "0.17.18"
    "@esbuild/win32-ia32" "0.17.18"
    "@esbuild/win32-x64" "0.17.18"

estree-walker@^2.0.2:
  version "2.0.2"
  resolved "https://registry.npmjs.org/estree-walker/-/estree-walker-2.0.2.tgz#52f010178c2a4c117a7757cfe942adb7d2da4cac"
  integrity sha512-Rfkk/Mp/DL7JVje3u18FxFujQlTNR2q6QfMSMB7AvCBx91NGj/ba3kCfza0f6dVDbw7YlRf/nDrn7pQrCCyQ/w==

extensionizer@^1.0.1:
  version "1.0.1"
  resolved "https://registry.npmjs.org/extensionizer/-/extensionizer-1.0.1.tgz#504544239a7610ba8404b15c1832091a37768d09"
  integrity sha512-UES5CSOYqshNsWFrpORcQR47+ph6UvQK25mguD44IyeMemt40CG+LTZrH1PgpGUHX3w7ACtNQnmM0J+qEe8G0Q==

follow-redirects@^1.14.0:
  version "1.15.2"
  resolved "https://registry.npmjs.org/follow-redirects/-/follow-redirects-1.15.2.tgz#b460864144ba63f2681096f274c4e57026da2c13"
  integrity sha512-VQLG33o04KaQ8uYi2tVNbdrWp1QWxNNea+nmIB4EVM28v0hmP17z7aG1+wAkNzVq4KeXTq3221ye5qTJP91JwA==

fsevents@~2.3.2:
  version "2.3.2"
  resolved "https://registry.npmjs.org/fsevents/-/fsevents-2.3.2.tgz#8a526f78b8fdf4623b709e0b975c52c24c02fd1a"
  integrity sha512-xiqMQR4xAeHTuB9uWm+fFRcIOgKBMiOBP+eXiyT7jsgVCq1bkVygt00oASowB7EdtpOHaaPgKt812P9ab+DDKA==

lodash@^4.17.21:
  version "4.17.21"
  resolved "https://registry.npmjs.org/lodash/-/lodash-4.17.21.tgz#679591c564c3bffaae8454cf0b3df370c3d6911c"
  integrity sha512-v2kDEe57lecTulaDIuNTPy3Ry4gLGJ6Z1O3vE1krgXZNrsQ+LFTGHVxVjcXPs17LhbZVGedAJv8XZ1tvj5FvSg==

magic-string@^0.25.7:
  version "0.25.9"
  resolved "https://registry.npmjs.org/magic-string/-/magic-string-0.25.9.tgz#de7f9faf91ef8a1c91d02c2e5314c8277dbcdd1c"
  integrity sha512-RmF0AsMzgt25qzqqLc1+MbHmhdx0ojF2Fvs4XnOqz2ZOBXzzkEwc/dJQZCYHAn7v1jbVOjAZfK8msRn4BxO4VQ==
  dependencies:
    sourcemap-codec "^1.4.8"

marked@^4.2.12:
  version "4.3.0"
  resolved "https://registry.npmjs.org/marked/-/marked-4.3.0.tgz#796362821b019f734054582038b116481b456cf3"
  integrity sha512-PRsaiG84bK+AMvxziE/lCFss8juXjNaWzVbN5tXAm4XjeaS9NAHhop+PjQxz2A9h8Q4M/xGmzP8vqNwy6JeK0A==

nanoid@^3.3.6:
  version "3.3.6"
  resolved "https://registry.npmjs.org/nanoid/-/nanoid-3.3.6.tgz#443380c856d6e9f9824267d960b4236ad583ea4c"
  integrity sha512-BGcqMMJuToF7i1rt+2PWSNVnWIkGCU78jBG3RxO/bZlnZPK2Cmi2QaffxGO/2RvWi9sL+FAiRiXMgsyxQ1DIDA==

pako@^2.1.0:
  version "2.1.0"
  resolved "https://registry.npmjs.org/pako/-/pako-2.1.0.tgz#266cc37f98c7d883545d11335c00fbd4062c9a86"
  integrity sha512-w+eufiZ1WuJYgPXbV/PO3NCMEc3xqylkKHzp8bxp1uW4qaSNQUkwmLLEc3kKsfz8lpV1F8Ht3U1Cm+9Srog2ug==

picocolors@^1.0.0:
  version "1.0.0"
  resolved "https://registry.npmjs.org/picocolors/-/picocolors-1.0.0.tgz#cb5bdc74ff3f51892236eaf79d68bc44564ab81c"
  integrity sha512-1fygroTLlHu66zi26VoTDv8yRgm0Fccecssto+MhsZ0D/DGW2sm8E8AjW7NU5VVTRt5GxbeZ5qBuJr+HyLYkjQ==

postcss@^8.1.10, postcss@^8.4.23:
  version "8.4.23"
  resolved "https://registry.npmjs.org/postcss/-/postcss-8.4.23.tgz#df0aee9ac7c5e53e1075c24a3613496f9e6552ab"
  integrity sha512-bQ3qMcpF6A/YjR55xtoTr0jGOlnPOKAIMdOWiv0EIT6HVPEaJiJB4NLljSbiHoC2RX7DN5Uvjtpbg1NPdwv1oA==
  dependencies:
    nanoid "^3.3.6"
    picocolors "^1.0.0"
    source-map-js "^1.0.2"

qrious@^4.0.2:
  version "4.0.2"
  resolved "https://registry.npmjs.org/qrious/-/qrious-4.0.2.tgz#09c4d4079d2b961617f62c69cff3b9bb66a39693"
  integrity sha512-xWPJIrK1zu5Ypn898fBp8RHkT/9ibquV2Kv24S/JY9VYEhMBMKur1gHVsOiNUh7PHP9uCgejjpZUHUIXXKoU/g==

reconnecting-websocket@^4.4.0:
  version "4.4.0"
  resolved "https://registry.npmjs.org/reconnecting-websocket/-/reconnecting-websocket-4.4.0.tgz#3b0e5b96ef119e78a03135865b8bb0af1b948783"
  integrity sha512-D2E33ceRPga0NvTDhJmphEgJ7FUYF0v4lr1ki0csq06OdlxKfugGzN0dSkxM/NfqCxYELK4KcaTOUOjTV6Dcng==

regenerator-runtime@^0.13.11:
  version "0.13.11"
  resolved "https://registry.npmjs.org/regenerator-runtime/-/regenerator-runtime-0.13.11.tgz#f6dca3e7ceec20590d07ada785636a90cdca17f9"
  integrity sha512-kY1AZVr2Ra+t+piVaJ4gxaFaReZVH40AKNo7UCX6W+dEwBo/2oZJzqfuN1qLq1oL45o56cPaTXELwrTh8Fpggg==

rollup@^3.21.0:
  version "3.21.5"
  resolved "https://registry.npmjs.org/rollup/-/rollup-3.21.5.tgz#1fbae43dc1079497b04604707f1cf979e51bfe49"
  integrity sha512-a4NTKS4u9PusbUJcfF4IMxuqjFzjm6ifj76P54a7cKnvVzJaG12BLVR+hgU2YDGHzyMMQNxLAZWuALsn8q2oQg==
  optionalDependencies:
    fsevents "~2.3.2"

rxjs@^6.6.3:
  version "6.6.7"
  resolved "https://registry.npmjs.org/rxjs/-/rxjs-6.6.7.tgz#90ac018acabf491bf65044235d5863c4dab804c9"
  integrity sha512-hTdwr+7yYNIT5n4AMYp85KA6yw2Va0FLa3Rguvbpa4W3I5xynaBZo41cM3XM+4Q6fRMj3sBYIR1VAmZMXYJvRQ==
  dependencies:
    tslib "^1.9.0"

source-map-js@^1.0.2:
  version "1.0.2"
  resolved "https://registry.npmjs.org/source-map-js/-/source-map-js-1.0.2.tgz#adbc361d9c62df380125e7f161f71c826f1e490c"
  integrity sha512-R0XvVJ9WusLiqTCEiGCmICCMplcCkIwwR11mOSD9CR5u+IXYdiseeEuXCVAjS54zqwkLcPNnmU4OeJ6tUrWhDw==

source-map@^0.6.1:
  version "0.6.1"
  resolved "https://registry.npmjs.org/source-map/-/source-map-0.6.1.tgz#74722af32e9614e9c287a8d0bbde48b5e2f1a263"
  integrity sha512-UjgapumWlbMhkBgzT7Ykc5YXUT46F0iKu8SGXq0bcwP5dz/h0Plj6enJqjz1Zbq2l5WaqYnrVbwWOWMyF3F47g==

sourcemap-codec@^1.4.8:
  version "1.4.8"
  resolved "https://registry.npmjs.org/sourcemap-codec/-/sourcemap-codec-1.4.8.tgz#ea804bd94857402e6992d05a38ef1ae35a9ab4c4"
  integrity sha512-9NykojV5Uih4lgo5So5dtw+f0JgJX30KCNI8gwhz2J9A15wD0Ml6tjHKwf6fTSa6fAdVBdZeNOs9eJ71qCk8vA==

strip-bom@^3.0.0:
  version "3.0.0"
  resolved "https://registry.npmjs.org/strip-bom/-/strip-bom-3.0.0.tgz#2334c18e9c759f7bdd56fdef7e9ae3d588e68ed3"
  integrity sha512-vavAMRXOgBVNF6nyEEmL3DBK19iRpDcoIwW+swQ+CbGiu7lju6t+JklA1MHweoWtadgt4ISVUsXLyDq34ddcwA==

strip-json-comments@^2.0.0:
  version "2.0.1"
  resolved "https://registry.npmjs.org/strip-json-comments/-/strip-json-comments-2.0.1.tgz#3c531942e908c2697c0ec344858c286c7ca0a60a"
  integrity sha512-4gB8na07fecVVkOI6Rs4e7T6NOTki5EmL7TUduTs6bu3EdnSycntVJ4re8kgZA+wx9IueI2Y11bfbgwtzuE0KQ==

tsconfig@^7.0.0:
  version "7.0.0"
  resolved "https://registry.npmjs.org/tsconfig/-/tsconfig-7.0.0.tgz#84538875a4dc216e5c4a5432b3a4dec3d54e91b7"
  integrity sha512-vZXmzPrL+EmC4T/4rVlT2jNVMWCi/O4DIiSj3UHg1OE5kCKbk4mfrXc6dZksLgRM/TZlKnousKH9bbTazUWRRw==
  dependencies:
    "@types/strip-bom" "^3.0.0"
    "@types/strip-json-comments" "0.0.30"
    strip-bom "^3.0.0"
    strip-json-comments "^2.0.0"

tslib@^1.9.0:
  version "1.14.1"
  resolved "https://registry.npmjs.org/tslib/-/tslib-1.14.1.tgz#cf2d38bdc34a134bcaf1091c41f6619e2f672d00"
  integrity sha512-Xni35NKzjgMrwevysHTCArtLDpPvye8zV/0E4EyYn43P7/7qvQwPh9BGkHewbMulVntbigmcT7rdX3BNo9wRJg==

uuid@^9.0.0:
  version "9.0.0"
  resolved "https://registry.npmjs.org/uuid/-/uuid-9.0.0.tgz#592f550650024a38ceb0c562f2f6aa435761efb5"
  integrity sha512-MXcSTerfPa4uqyzStbRoTgt5XIe3x5+42+q1sDuy3R5MDk66URdLMOZe5aPX/SQd+kuYAh0FdP/pO28IkQyTeg==

v3-infinite-loading@^1.2.2:
  version "1.2.2"
  resolved "https://registry.npmjs.org/v3-infinite-loading/-/v3-infinite-loading-1.2.2.tgz#19565772cc255bd87369b3ad46090cb621a42d3b"
  integrity sha512-MWJc6yChnqeUasBFJ3Enu8IGPcQgRMSTrAEtT1MsHBEx+QjwvNTaY8o+8V9DgVt1MVhQSl3MC55hsaWLJmpRMw==

vite@^4.3.2:
  version "4.3.5"
  resolved "https://registry.npmjs.org/vite/-/vite-4.3.5.tgz#3871fe0f4b582ea7f49a85386ac80e84826367d9"
  integrity sha512-0gEnL9wiRFxgz40o/i/eTBwm+NEbpUeTWhzKrZDSdKm6nplj+z4lKz8ANDgildxHm47Vg8EUia0aicKbawUVVA==
  dependencies:
    esbuild "^0.17.5"
    postcss "^8.4.23"
    rollup "^3.21.0"
  optionalDependencies:
    fsevents "~2.3.2"

vue@^3.2.47:
  version "3.2.47"
  resolved "https://registry.npmjs.org/vue/-/vue-3.2.47.tgz#3eb736cbc606fc87038dbba6a154707c8a34cff0"
  integrity sha512-60188y/9Dc9WVrAZeUVSDxRQOZ+z+y5nO2ts9jWXSTkMvayiWxCWOWtBQoYjLeccfXkiiPZWAHcV+WTPhkqJHQ==
  dependencies:
    "@vue/compiler-dom" "3.2.47"
    "@vue/compiler-sfc" "3.2.47"
    "@vue/runtime-dom" "3.2.47"
    "@vue/server-renderer" "3.2.47"
    "@vue/shared" "3.2.47"

vuetify@^3.2.2:
  version "3.2.2"
  resolved "https://registry.npmjs.org/vuetify/-/vuetify-3.2.2.tgz#a4a39bec15e96b4f9f9be6353e19f156abd91c35"
  integrity sha512-syFfeZVH6dycltqVCx4tDn68fR3r697+Jt7vJW1l3i9a5ClnwpdRBWtE6dt2bjClS2K/VpWYt+rAsLiG7sGU/g==
